
Microsoft Visual Studio Solution File, Format Version 12.00
# Visual Studio Version 17
VisualStudioVersion = 17.5.002.0
MinimumVisualStudioVersion = 10.0.40219.1
Project("{2150E333-8FDC-42A3-9474-1A3956D46DE8}") = "sandbox", "sandbox", "{5F5BF97C-8070-4EA8-8E90-4F2D3A9053C8}"
EndProject
Project("{9A19103F-16F7-4668-BE54-9A1E7A4F7556}") = "sandbox_project", "sandbox\sandbox_project\sandbox_project.csproj", "{44E822B8-B290-4877-BFCA-ADB386CC5D31}"
EndProject
Project("{2150E333-8FDC-42A3-9474-1A3956D46DE8}") = "week01", "week01", "{03F5CC3A-B709-4FA1-B7ED-0A0ED5272DBB}"
EndProject
Project("{9A19103F-16F7-4668-BE54-9A1E7A4F7556}") = "analyze", "week01\analyze\analyze.csproj", "{FDC748EE-B4BF-4938-A012-59FCE6E611C8}"
EndProject
Project("{9A19103F-16F7-4668-BE54-9A1E7A4F7556}") = "code", "week01\code\code.csproj", "{976FF9C2-74DB-4641-A12E-47E809CBE383}"
EndProject
Project("{9A19103F-16F7-4668-BE54-9A1E7A4F7556}") = "teach", "week01\teach\teach.csproj", "{D904D067-CFF7-4843-A37D-94234AEB3006}"
EndProject
Project("{2150E333-8FDC-42A3-9474-1A3956D46DE8}") = "week02", "week02", "{B8B8B0B2-4138-4BF8-A8BC-A56B958B20FC}"
EndProject
Project("{9A19103F-16F7-4668-BE54-9A1E7A4F7556}") = "analyze", "week02\analyze\analyze.csproj", "{2AB5414E-9C3F-4D64-BF96-253D7DE6CFA9}"
EndProject
Project("{9A19103F-16F7-4668-BE54-9A1E7A4F7556}") = "code", "week02\code\code.csproj", "{4313C284-45D6-4A59-96AD-2BC03C4D2901}"
EndProject
Project("{9A19103F-16F7-4668-BE54-9A1E7A4F7556}") = "learn", "week02\learn\learn.csproj", "{D05E079F-DA7C-4F45-A5FC-CC12FE935AD2}"
EndProject
Project("{9A19103F-16F7-4668-BE54-9A1E7A4F7556}") = "teach", "week02\teach\teach.csproj", "{2C03CCF0-3B3A-4DD8-BA5D-FED4C1CDFB95}"
EndProject
Project("{2150E333-8FDC-42A3-9474-1A3956D46DE8}") = "week03", "week03", "{B8C6078C-E7FD-4D6F-B3C4-F7687311789F}"
EndProject
Project("{9A19103F-16F7-4668-BE54-9A1E7A4F7556}") = "code", "week03\code\code.csproj", "{DCDCC1DB-9FD4-4066-81A4-4FFFCD0900AF}"
EndProject
Project("{9A19103F-16F7-4668-BE54-9A1E7A4F7556}") = "learn", "week03\learn\learn.csproj", "{7C69A097-2F50-41CE-8B36-DB226D6A16CB}"
EndProject
Project("{9A19103F-16F7-4668-BE54-9A1E7A4F7556}") = "teach", "week03\teach\teach.csproj", "{188CAB0A-6ED1-434D-AA51-5473FF499750}"
EndProject
Project("{2150E333-8FDC-42A3-9474-1A3956D46DE8}") = "week04", "week04", "{4C9A6150-8F25-4F35-8D4C-FDDA14CB2C5E}"
EndProject
Project("{9A19103F-16F7-4668-BE54-9A1E7A4F7556}") = "code", "week04\code\code.csproj", "{7DA8141C-5D1E-4707-9A96-FB2F1F934727}"
EndProject
Project("{2150E333-8FDC-42A3-9474-1A3956D46DE8}") = "week05", "week05", "{38BADA0E-35FA-45BF-91F8-85E41C3A3072}"
EndProject
Project("{9A19103F-16F7-4668-BE54-9A1E7A4F7556}") = "code", "week05\code\code.csproj", "{AE3522EE-5FA1-4255-B8A4-31FF13A89F63}"
EndProject
Project("{2150E333-8FDC-42A3-9474-1A3956D46DE8}") = "week06", "week06", "{DEA8F272-2AD3-44A3-B385-37D5FA163376}"
EndProject
Project("{9A19103F-16F7-4668-BE54-9A1E7A4F7556}") = "code", "week06\code\code.csproj", "{2F556889-A99E-4DC5-9002-922AD2EBB0DA}"
EndProject
Global
	GlobalSection(SolutionConfigurationPlatforms) = preSolution
		Debug|Any CPU = Debug|Any CPU
		Release|Any CPU = Release|Any CPU
	EndGlobalSection
	GlobalSection(ProjectConfigurationPlatforms) = postSolution
		{44E822B8-B290-4877-BFCA-ADB386CC5D31}.Debug|Any CPU.ActiveCfg = Debug|Any CPU
		{44E822B8-B290-4877-BFCA-ADB386CC5D31}.Debug|Any CPU.Build.0 = Debug|Any CPU
		{44E822B8-B290-4877-BFCA-ADB386CC5D31}.Release|Any CPU.ActiveCfg = Release|Any CPU
		{44E822B8-B290-4877-BFCA-ADB386CC5D31}.Release|Any CPU.Build.0 = Release|Any CPU
		{FDC748EE-B4BF-4938-A012-59FCE6E611C8}.Debug|Any CPU.ActiveCfg = Debug|Any CPU
		{FDC748EE-B4BF-4938-A012-59FCE6E611C8}.Debug|Any CPU.Build.0 = Debug|Any CPU
		{FDC748EE-B4BF-4938-A012-59FCE6E611C8}.Release|Any CPU.ActiveCfg = Release|Any CPU
		{FDC748EE-B4BF-4938-A012-59FCE6E611C8}.Release|Any CPU.Build.0 = Release|Any CPU
		{976FF9C2-74DB-4641-A12E-47E809CBE383}.Debug|Any CPU.ActiveCfg = Debug|Any CPU
		{976FF9C2-74DB-4641-A12E-47E809CBE383}.Debug|Any CPU.Build.0 = Debug|Any CPU
		{976FF9C2-74DB-4641-A12E-47E809CBE383}.Release|Any CPU.ActiveCfg = Release|Any CPU
		{976FF9C2-74DB-4641-A12E-47E809CBE383}.Release|Any CPU.Build.0 = Release|Any CPU
		{D904D067-CFF7-4843-A37D-94234AEB3006}.Debug|Any CPU.ActiveCfg = Debug|Any CPU
		{D904D067-CFF7-4843-A37D-94234AEB3006}.Debug|Any CPU.Build.0 = Debug|Any CPU
		{D904D067-CFF7-4843-A37D-94234AEB3006}.Release|Any CPU.ActiveCfg = Release|Any CPU
		{D904D067-CFF7-4843-A37D-94234AEB3006}.Release|Any CPU.Build.0 = Release|Any CPU
		{2AB5414E-9C3F-4D64-BF96-253D7DE6CFA9}.Debug|Any CPU.ActiveCfg = Debug|Any CPU
		{2AB5414E-9C3F-4D64-BF96-253D7DE6CFA9}.Debug|Any CPU.Build.0 = Debug|Any CPU
		{2AB5414E-9C3F-4D64-BF96-253D7DE6CFA9}.Release|Any CPU.ActiveCfg = Release|Any CPU
		{2AB5414E-9C3F-4D64-BF96-253D7DE6CFA9}.Release|Any CPU.Build.0 = Release|Any CPU
		{4313C284-45D6-4A59-96AD-2BC03C4D2901}.Debug|Any CPU.ActiveCfg = Debug|Any CPU
		{4313C284-45D6-4A59-96AD-2BC03C4D2901}.Debug|Any CPU.Build.0 = Debug|Any CPU
		{4313C284-45D6-4A59-96AD-2BC03C4D2901}.Release|Any CPU.ActiveCfg = Release|Any CPU
		{4313C284-45D6-4A59-96AD-2BC03C4D2901}.Release|Any CPU.Build.0 = Release|Any CPU
		{D05E079F-DA7C-4F45-A5FC-CC12FE935AD2}.Debug|Any CPU.ActiveCfg = Debug|Any CPU
		{D05E079F-DA7C-4F45-A5FC-CC12FE935AD2}.Debug|Any CPU.Build.0 = Debug|Any CPU
		{D05E079F-DA7C-4F45-A5FC-CC12FE935AD2}.Release|Any CPU.ActiveCfg = Release|Any CPU
		{D05E079F-DA7C-4F45-A5FC-CC12FE935AD2}.Release|Any CPU.Build.0 = Release|Any CPU
		{2C03CCF0-3B3A-4DD8-BA5D-FED4C1CDFB95}.Debug|Any CPU.ActiveCfg = Debug|Any CPU
		{2C03CCF0-3B3A-4DD8-BA5D-FED4C1CDFB95}.Debug|Any CPU.Build.0 = Debug|Any CPU
		{2C03CCF0-3B3A-4DD8-BA5D-FED4C1CDFB95}.Release|Any CPU.ActiveCfg = Release|Any CPU
		{2C03CCF0-3B3A-4DD8-BA5D-FED4C1CDFB95}.Release|Any CPU.Build.0 = Release|Any CPU
		{DCDCC1DB-9FD4-4066-81A4-4FFFCD0900AF}.Debug|Any CPU.ActiveCfg = Debug|Any CPU
		{DCDCC1DB-9FD4-4066-81A4-4FFFCD0900AF}.Debug|Any CPU.Build.0 = Debug|Any CPU
		{DCDCC1DB-9FD4-4066-81A4-4FFFCD0900AF}.Release|Any CPU.ActiveCfg = Release|Any CPU
		{DCDCC1DB-9FD4-4066-81A4-4FFFCD0900AF}.Release|Any CPU.Build.0 = Release|Any CPU
		{7C69A097-2F50-41CE-8B36-DB226D6A16CB}.Debug|Any CPU.ActiveCfg = Debug|Any CPU
		{7C69A097-2F50-41CE-8B36-DB226D6A16CB}.Debug|Any CPU.Build.0 = Debug|Any CPU
		{7C69A097-2F50-41CE-8B36-DB226D6A16CB}.Release|Any CPU.ActiveCfg = Release|Any CPU
		{7C69A097-2F50-41CE-8B36-DB226D6A16CB}.Release|Any CPU.Build.0 = Release|Any CPU
		{188CAB0A-6ED1-434D-AA51-5473FF499750}.Debug|Any CPU.ActiveCfg = Debug|Any CPU
		{188CAB0A-6ED1-434D-AA51-5473FF499750}.Debug|Any CPU.Build.0 = Debug|Any CPU
		{188CAB0A-6ED1-434D-AA51-5473FF499750}.Release|Any CPU.ActiveCfg = Release|Any CPU
		{188CAB0A-6ED1-434D-AA51-5473FF499750}.Release|Any CPU.Build.0 = Release|Any CPU
		{7DA8141C-5D1E-4707-9A96-FB2F1F934727}.Debug|Any CPU.ActiveCfg = Debug|Any CPU
		{7DA8141C-5D1E-4707-9A96-FB2F1F934727}.Debug|Any CPU.Build.0 = Debug|Any CPU
		{7DA8141C-5D1E-4707-9A96-FB2F1F934727}.Release|Any CPU.ActiveCfg = Release|Any CPU
		{7DA8141C-5D1E-4707-9A96-FB2F1F934727}.Release|Any CPU.Build.0 = Release|Any CPU
		{AE3522EE-5FA1-4255-B8A4-31FF13A89F63}.Debug|Any CPU.ActiveCfg = Debug|Any CPU
		{AE3522EE-5FA1-4255-B8A4-31FF13A89F63}.Debug|Any CPU.Build.0 = Debug|Any CPU
		{AE3522EE-5FA1-4255-B8A4-31FF13A89F63}.Release|Any CPU.ActiveCfg = Release|Any CPU
		{AE3522EE-5FA1-4255-B8A4-31FF13A89F63}.Release|Any CPU.Build.0 = Release|Any CPU
		{2F556889-A99E-4DC5-9002-922AD2EBB0DA}.Debug|Any CPU.ActiveCfg = Debug|Any CPU
		{2F556889-A99E-4DC5-9002-922AD2EBB0DA}.Debug|Any CPU.Build.0 = Debug|Any CPU
		{2F556889-A99E-4DC5-9002-922AD2EBB0DA}.Release|Any CPU.ActiveCfg = Release|Any CPU
		{2F556889-A99E-4DC5-9002-922AD2EBB0DA}.Release|Any CPU.Build.0 = Release|Any CPU
	EndGlobalSection
	GlobalSection(SolutionProperties) = preSolution
		HideSolutionNode = FALSE
	EndGlobalSection
	GlobalSection(NestedProjects) = preSolution
		{44E822B8-B290-4877-BFCA-ADB386CC5D31} = {5F5BF97C-8070-4EA8-8E90-4F2D3A9053C8}
		{FDC748EE-B4BF-4938-A012-59FCE6E611C8} = {03F5CC3A-B709-4FA1-B7ED-0A0ED5272DBB}
		{976FF9C2-74DB-4641-A12E-47E809CBE383} = {03F5CC3A-B709-4FA1-B7ED-0A0ED5272DBB}
		{D904D067-CFF7-4843-A37D-94234AEB3006} = {03F5CC3A-B709-4FA1-B7ED-0A0ED5272DBB}
		{2AB5414E-9C3F-4D64-BF96-253D7DE6CFA9} = {B8B8B0B2-4138-4BF8-A8BC-A56B958B20FC}
		{4313C284-45D6-4A59-96AD-2BC03C4D2901} = {B8B8B0B2-4138-4BF8-A8BC-A56B958B20FC}
		{D05E079F-DA7C-4F45-A5FC-CC12FE935AD2} = {B8B8B0B2-4138-4BF8-A8BC-A56B958B20FC}
		{2C03CCF0-3B3A-4DD8-BA5D-FED4C1CDFB95} = {B8B8B0B2-4138-4BF8-A8BC-A56B958B20FC}
		{DCDCC1DB-9FD4-4066-81A4-4FFFCD0900AF} = {B8C6078C-E7FD-4D6F-B3C4-F7687311789F}
		{7C69A097-2F50-41CE-8B36-DB226D6A16CB} = {B8C6078C-E7FD-4D6F-B3C4-F7687311789F}
		{188CAB0A-6ED1-434D-AA51-5473FF499750} = {B8C6078C-E7FD-4D6F-B3C4-F7687311789F}
		{7DA8141C-5D1E-4707-9A96-FB2F1F934727} = {4C9A6150-8F25-4F35-8D4C-FDDA14CB2C5E}
		{AE3522EE-5FA1-4255-B8A4-31FF13A89F63} = {38BADA0E-35FA-45BF-91F8-85E41C3A3072}
		{2F556889-A99E-4DC5-9002-922AD2EBB0DA} = {DEA8F272-2AD3-44A3-B385-37D5FA163376}
	EndGlobalSection
	GlobalSection(ExtensibilityGlobals) = postSolution
		SolutionGuid = {10B22DA4-0E57-4C36-9D66-1594843E83F1}
	EndGlobalSection
EndGlobal
