
Microsoft Visual Studio Solution File, Format Version 12.00
# Visual Studio Version 17
VisualStudioVersion = 17.5.002.0
MinimumVisualStudioVersion = 10.0.40219.1
Project("{2150E333-8FDC-42A3-9474-1A3956D46DE8}") = "sandbox", "sandbox", "{6DE22F2A-E5FE-443E-9A74-C21A888CE6CF}"
EndProject
Project("{9A19103F-16F7-4668-BE54-9A1E7A4F7556}") = "sandbox_project", "sandbox\sandbox_project\sandbox_project.csproj", "{8F74DC4B-0E36-49CA-A394-53993E069D7F}"
EndProject
Project("{2150E333-8FDC-42A3-9474-1A3956D46DE8}") = "week01", "week01", "{9C61D517-EBE2-436A-82D2-E1A72F959B12}"
EndProject
Project("{9A19103F-16F7-4668-BE54-9A1E7A4F7556}") = "analyze", "week01\analyze\analyze.csproj", "{9E79EA48-A660-4B82-AFDC-8BD729495C98}"
EndProject
Project("{9A19103F-16F7-4668-BE54-9A1E7A4F7556}") = "code", "week01\code\code.csproj", "{34BBCC10-6A52-46A5-8919-E18F8070D0E1}"
EndProject
Project("{9A19103F-16F7-4668-BE54-9A1E7A4F7556}") = "teach", "week01\teach\teach.csproj", "{328834B7-8150-4852-B390-B1BF22ACF6B7}"
EndProject
Project("{2150E333-8FDC-42A3-9474-1A3956D46DE8}") = "week02", "week02", "{444011F7-0775-4A1E-8479-A0320F41C90E}"
EndProject
Project("{9A19103F-16F7-4668-BE54-9A1E7A4F7556}") = "analyze", "week02\analyze\analyze.csproj", "{9A07AEBA-AAD1-4622-834E-B8F5D1E1C3B2}"
EndProject
Project("{9A19103F-16F7-4668-BE54-9A1E7A4F7556}") = "code", "week02\code\code.csproj", "{C3C8CA9A-2579-4C62-9306-A5B3A9E48604}"
EndProject
Project("{9A19103F-16F7-4668-BE54-9A1E7A4F7556}") = "learn", "week02\learn\learn.csproj", "{DF979A37-9AED-4690-A55F-D6612FCEB782}"
EndProject
Project("{9A19103F-16F7-4668-BE54-9A1E7A4F7556}") = "teach", "week02\teach\teach.csproj", "{3FBBD539-C311-458C-839F-70064CC4A220}"
EndProject
Project("{2150E333-8FDC-42A3-9474-1A3956D46DE8}") = "week03", "week03", "{50F90B8B-2D00-4ABF-BF19-9651DB3F2CF7}"
EndProject
Project("{9A19103F-16F7-4668-BE54-9A1E7A4F7556}") = "code", "week03\code\code.csproj", "{BCF6E858-B6CF-4C2C-8FFD-E3B521941569}"
EndProject
Project("{9A19103F-16F7-4668-BE54-9A1E7A4F7556}") = "learn", "week03\learn\learn.csproj", "{209FF3FD-FF9C-4B4D-87EC-DAE99769414F}"
EndProject
Project("{9A19103F-16F7-4668-BE54-9A1E7A4F7556}") = "teach", "week03\teach\teach.csproj", "{8B1DA067-F5B0-472E-BCB6-4F1DB33A4FD0}"
EndProject
Project("{2150E333-8FDC-42A3-9474-1A3956D46DE8}") = "week04", "week04", "{58D4E302-40CF-416E-A106-7A282F06F9BD}"
EndProject
Project("{9A19103F-16F7-4668-BE54-9A1E7A4F7556}") = "code", "week04\code\code.csproj", "{E7E917F7-748D-417D-A1FF-F67804738D47}"
EndProject
Project("{2150E333-8FDC-42A3-9474-1A3956D46DE8}") = "week05", "week05", "{1B8A1C5C-FB73-416C-9CF6-7423E93657E1}"
EndProject
Project("{9A19103F-16F7-4668-BE54-9A1E7A4F7556}") = "code", "week05\code\code.csproj", "{8DF3770B-6488-4FA6-B667-873AA8D6FF8C}"
EndProject
Project("{2150E333-8FDC-42A3-9474-1A3956D46DE8}") = "week06", "week06", "{B01B2CC0-4CD8-479E-A6C0-2F3ACC09B54C}"
EndProject
Project("{9A19103F-16F7-4668-BE54-9A1E7A4F7556}") = "code", "week06\code\code.csproj", "{C1B61E91-89B8-488E-90C0-C853D1C8A802}"
EndProject
Global
	GlobalSection(SolutionConfigurationPlatforms) = preSolution
		Debug|Any CPU = Debug|Any CPU
		Release|Any CPU = Release|Any CPU
	EndGlobalSection
	GlobalSection(ProjectConfigurationPlatforms) = postSolution
		{8F74DC4B-0E36-49CA-A394-53993E069D7F}.Debug|Any CPU.ActiveCfg = Debug|Any CPU
		{8F74DC4B-0E36-49CA-A394-53993E069D7F}.Debug|Any CPU.Build.0 = Debug|Any CPU
		{8F74DC4B-0E36-49CA-A394-53993E069D7F}.Release|Any CPU.ActiveCfg = Release|Any CPU
		{8F74DC4B-0E36-49CA-A394-53993E069D7F}.Release|Any CPU.Build.0 = Release|Any CPU
		{9E79EA48-A660-4B82-AFDC-8BD729495C98}.Debug|Any CPU.ActiveCfg = Debug|Any CPU
		{9E79EA48-A660-4B82-AFDC-8BD729495C98}.Debug|Any CPU.Build.0 = Debug|Any CPU
		{9E79EA48-A660-4B82-AFDC-8BD729495C98}.Release|Any CPU.ActiveCfg = Release|Any CPU
		{9E79EA48-A660-4B82-AFDC-8BD729495C98}.Release|Any CPU.Build.0 = Release|Any CPU
		{34BBCC10-6A52-46A5-8919-E18F8070D0E1}.Debug|Any CPU.ActiveCfg = Debug|Any CPU
		{34BBCC10-6A52-46A5-8919-E18F8070D0E1}.Debug|Any CPU.Build.0 = Debug|Any CPU
		{34BBCC10-6A52-46A5-8919-E18F8070D0E1}.Release|Any CPU.ActiveCfg = Release|Any CPU
		{34BBCC10-6A52-46A5-8919-E18F8070D0E1}.Release|Any CPU.Build.0 = Release|Any CPU
		{328834B7-8150-4852-B390-B1BF22ACF6B7}.Debug|Any CPU.ActiveCfg = Debug|Any CPU
		{328834B7-8150-4852-B390-B1BF22ACF6B7}.Debug|Any CPU.Build.0 = Debug|Any CPU
		{328834B7-8150-4852-B390-B1BF22ACF6B7}.Release|Any CPU.ActiveCfg = Release|Any CPU
		{328834B7-8150-4852-B390-B1BF22ACF6B7}.Release|Any CPU.Build.0 = Release|Any CPU
		{9A07AEBA-AAD1-4622-834E-B8F5D1E1C3B2}.Debug|Any CPU.ActiveCfg = Debug|Any CPU
		{9A07AEBA-AAD1-4622-834E-B8F5D1E1C3B2}.Debug|Any CPU.Build.0 = Debug|Any CPU
		{9A07AEBA-AAD1-4622-834E-B8F5D1E1C3B2}.Release|Any CPU.ActiveCfg = Release|Any CPU
		{9A07AEBA-AAD1-4622-834E-B8F5D1E1C3B2}.Release|Any CPU.Build.0 = Release|Any CPU
		{C3C8CA9A-2579-4C62-9306-A5B3A9E48604}.Debug|Any CPU.ActiveCfg = Debug|Any CPU
		{C3C8CA9A-2579-4C62-9306-A5B3A9E48604}.Debug|Any CPU.Build.0 = Debug|Any CPU
		{C3C8CA9A-2579-4C62-9306-A5B3A9E48604}.Release|Any CPU.ActiveCfg = Release|Any CPU
		{C3C8CA9A-2579-4C62-9306-A5B3A9E48604}.Release|Any CPU.Build.0 = Release|Any CPU
		{DF979A37-9AED-4690-A55F-D6612FCEB782}.Debug|Any CPU.ActiveCfg = Debug|Any CPU
		{DF979A37-9AED-4690-A55F-D6612FCEB782}.Debug|Any CPU.Build.0 = Debug|Any CPU
		{DF979A37-9AED-4690-A55F-D6612FCEB782}.Release|Any CPU.ActiveCfg = Release|Any CPU
		{DF979A37-9AED-4690-A55F-D6612FCEB782}.Release|Any CPU.Build.0 = Release|Any CPU
		{3FBBD539-C311-458C-839F-70064CC4A220}.Debug|Any CPU.ActiveCfg = Debug|Any CPU
		{3FBBD539-C311-458C-839F-70064CC4A220}.Debug|Any CPU.Build.0 = Debug|Any CPU
		{3FBBD539-C311-458C-839F-70064CC4A220}.Release|Any CPU.ActiveCfg = Release|Any CPU
		{3FBBD539-C311-458C-839F-70064CC4A220}.Release|Any CPU.Build.0 = Release|Any CPU
		{BCF6E858-B6CF-4C2C-8FFD-E3B521941569}.Debug|Any CPU.ActiveCfg = Debug|Any CPU
		{BCF6E858-B6CF-4C2C-8FFD-E3B521941569}.Debug|Any CPU.Build.0 = Debug|Any CPU
		{BCF6E858-B6CF-4C2C-8FFD-E3B521941569}.Release|Any CPU.ActiveCfg = Release|Any CPU
		{BCF6E858-B6CF-4C2C-8FFD-E3B521941569}.Release|Any CPU.Build.0 = Release|Any CPU
		{209FF3FD-FF9C-4B4D-87EC-DAE99769414F}.Debug|Any CPU.ActiveCfg = Debug|Any CPU
		{209FF3FD-FF9C-4B4D-87EC-DAE99769414F}.Debug|Any CPU.Build.0 = Debug|Any CPU
		{209FF3FD-FF9C-4B4D-87EC-DAE99769414F}.Release|Any CPU.ActiveCfg = Release|Any CPU
		{209FF3FD-FF9C-4B4D-87EC-DAE99769414F}.Release|Any CPU.Build.0 = Release|Any CPU
		{8B1DA067-F5B0-472E-BCB6-4F1DB33A4FD0}.Debug|Any CPU.ActiveCfg = Debug|Any CPU
		{8B1DA067-F5B0-472E-BCB6-4F1DB33A4FD0}.Debug|Any CPU.Build.0 = Debug|Any CPU
		{8B1DA067-F5B0-472E-BCB6-4F1DB33A4FD0}.Release|Any CPU.ActiveCfg = Release|Any CPU
		{8B1DA067-F5B0-472E-BCB6-4F1DB33A4FD0}.Release|Any CPU.Build.0 = Release|Any CPU
		{E7E917F7-748D-417D-A1FF-F67804738D47}.Debug|Any CPU.ActiveCfg = Debug|Any CPU
		{E7E917F7-748D-417D-A1FF-F67804738D47}.Debug|Any CPU.Build.0 = Debug|Any CPU
		{E7E917F7-748D-417D-A1FF-F67804738D47}.Release|Any CPU.ActiveCfg = Release|Any CPU
		{E7E917F7-748D-417D-A1FF-F67804738D47}.Release|Any CPU.Build.0 = Release|Any CPU
		{8DF3770B-6488-4FA6-B667-873AA8D6FF8C}.Debug|Any CPU.ActiveCfg = Debug|Any CPU
		{8DF3770B-6488-4FA6-B667-873AA8D6FF8C}.Debug|Any CPU.Build.0 = Debug|Any CPU
		{8DF3770B-6488-4FA6-B667-873AA8D6FF8C}.Release|Any CPU.ActiveCfg = Release|Any CPU
		{8DF3770B-6488-4FA6-B667-873AA8D6FF8C}.Release|Any CPU.Build.0 = Release|Any CPU
		{C1B61E91-89B8-488E-90C0-C853D1C8A802}.Debug|Any CPU.ActiveCfg = Debug|Any CPU
		{C1B61E91-89B8-488E-90C0-C853D1C8A802}.Debug|Any CPU.Build.0 = Debug|Any CPU
		{C1B61E91-89B8-488E-90C0-C853D1C8A802}.Release|Any CPU.ActiveCfg = Release|Any CPU
		{C1B61E91-89B8-488E-90C0-C853D1C8A802}.Release|Any CPU.Build.0 = Release|Any CPU
	EndGlobalSection
	GlobalSection(SolutionProperties) = preSolution
		HideSolutionNode = FALSE
	EndGlobalSection
	GlobalSection(NestedProjects) = preSolution
		{8F74DC4B-0E36-49CA-A394-53993E069D7F} = {6DE22F2A-E5FE-443E-9A74-C21A888CE6CF}
		{9E79EA48-A660-4B82-AFDC-8BD729495C98} = {9C61D517-EBE2-436A-82D2-E1A72F959B12}
		{34BBCC10-6A52-46A5-8919-E18F8070D0E1} = {9C61D517-EBE2-436A-82D2-E1A72F959B12}
		{328834B7-8150-4852-B390-B1BF22ACF6B7} = {9C61D517-EBE2-436A-82D2-E1A72F959B12}
		{9A07AEBA-AAD1-4622-834E-B8F5D1E1C3B2} = {444011F7-0775-4A1E-8479-A0320F41C90E}
		{C3C8CA9A-2579-4C62-9306-A5B3A9E48604} = {444011F7-0775-4A1E-8479-A0320F41C90E}
		{DF979A37-9AED-4690-A55F-D6612FCEB782} = {444011F7-0775-4A1E-8479-A0320F41C90E}
		{3FBBD539-C311-458C-839F-70064CC4A220} = {444011F7-0775-4A1E-8479-A0320F41C90E}
		{BCF6E858-B6CF-4C2C-8FFD-E3B521941569} = {50F90B8B-2D00-4ABF-BF19-9651DB3F2CF7}
		{209FF3FD-FF9C-4B4D-87EC-DAE99769414F} = {50F90B8B-2D00-4ABF-BF19-9651DB3F2CF7}
		{8B1DA067-F5B0-472E-BCB6-4F1DB33A4FD0} = {50F90B8B-2D00-4ABF-BF19-9651DB3F2CF7}
		{E7E917F7-748D-417D-A1FF-F67804738D47} = {58D4E302-40CF-416E-A106-7A282F06F9BD}
		{8DF3770B-6488-4FA6-B667-873AA8D6FF8C} = {1B8A1C5C-FB73-416C-9CF6-7423E93657E1}
		{C1B61E91-89B8-488E-90C0-C853D1C8A802} = {B01B2CC0-4CD8-479E-A6C0-2F3ACC09B54C}
	EndGlobalSection
	GlobalSection(ExtensibilityGlobals) = postSolution
		SolutionGuid = {C625A4F3-55BB-4B6E-9260-CD3B328F1432}
	EndGlobalSection
EndGlobal
